
Microsoft Visual Studio Solution File, Format Version 12.00
Project("{FAE04EC0-301F-11D3-BF4B-00C04F79EFBC}") = "HashCompare", "HashCompare.csproj", "{DCB22A1C-63FB-4175-BDEE-16A6E69307F9}"
EndProject
Global
	GlobalSection(SolutionConfigurationPlatforms) = preSolution
		Debug|Any CPU = Debug|Any CPU
		Release|Any CPU = Release|Any CPU
	EndGlobalSection
	GlobalSection(ProjectConfigurationPlatforms) = postSolution
		{DCB22A1C-63FB-4175-BDEE-16A6E69307F9}.Debug|Any CPU.ActiveCfg = Debug|Any CPU
		{DCB22A1C-63FB-4175-BDEE-16A6E69307F9}.Debug|Any CPU.Build.0 = Debug|Any CPU
		{DCB22A1C-63FB-4175-BDEE-16A6E69307F9}.Release|Any CPU.ActiveCfg = Release|Any CPU
		{DCB22A1C-63FB-4175-BDEE-16A6E69307F9}.Release|Any CPU.Build.0 = Release|Any CPU
	EndGlobalSection
EndGlobal
